
Microsoft Visual Studio Solution File, Format Version 12.00
# Visual Studio Version 16
VisualStudioVersion = 16.0.30204.135
MinimumVisualStudioVersion = 10.0.40219.1
Project("{FAE04EC0-301F-11D3-BF4B-00C04F79EFBC}") = "vrtx-keys", "vrtx-keys\vrtx-keys.csproj", "{529F60B4-2DBA-4AD2-BB8B-1D6265EA0A1B}"
EndProject
Project("{FAE04EC0-301F-11D3-BF4B-00C04F79EFBC}") = "keylogger", "keylogger\keylogger.csproj", "{53381124-FB4A-48E8-B1F1-AFED60E84743}"
EndProject
Global
	GlobalSection(SolutionConfigurationPlatforms) = preSolution
		Debug|Any CPU = Debug|Any CPU
		Release|Any CPU = Release|Any CPU
	EndGlobalSection
	GlobalSection(ProjectConfigurationPlatforms) = postSolution
		{529F60B4-2DBA-4AD2-BB8B-1D6265EA0A1B}.Debug|Any CPU.ActiveCfg = Debug|Any CPU
		{529F60B4-2DBA-4AD2-BB8B-1D6265EA0A1B}.Debug|Any CPU.Build.0 = Debug|Any CPU
		{529F60B4-2DBA-4AD2-BB8B-1D6265EA0A1B}.Release|Any CPU.ActiveCfg = Release|Any CPU
		{529F60B4-2DBA-4AD2-BB8B-1D6265EA0A1B}.Release|Any CPU.Build.0 = Release|Any CPU
		{53381124-FB4A-48E8-B1F1-AFED60E84743}.Debug|Any CPU.ActiveCfg = Debug|Any CPU
		{53381124-FB4A-48E8-B1F1-AFED60E84743}.Debug|Any CPU.Build.0 = Debug|Any CPU
		{53381124-FB4A-48E8-B1F1-AFED60E84743}.Release|Any CPU.ActiveCfg = Release|Any CPU
		{53381124-FB4A-48E8-B1F1-AFED60E84743}.Release|Any CPU.Build.0 = Release|Any CPU
	EndGlobalSection
	GlobalSection(SolutionProperties) = preSolution
		HideSolutionNode = FALSE
	EndGlobalSection
	GlobalSection(ExtensibilityGlobals) = postSolution
		SolutionGuid = {99E44494-EA99-4276-AA6E-A1D98B3EE537}
	EndGlobalSection
EndGlobal
